
Microsoft Visual Studio Solution File, Format Version 12.00
# Visual Studio 2012
Project("{FAE04EC0-301F-11D3-BF4B-00C04F79EFBC}") = "Coupon", "Coupon\Coupon.csproj", "{629DCC62-9C46-47D6-BE74-B6B49C12AC01}"
EndProject
Project("{FAE04EC0-301F-11D3-BF4B-00C04F79EFBC}") = "Coupon.iOS", "iOS\Coupon.iOS.csproj", "{64B94255-D80A-46EF-8EF0-96C64981660C}"
EndProject
Project("{FAE04EC0-301F-11D3-BF4B-00C04F79EFBC}") = "Coupon.Droid", "Droid\Coupon.Droid.csproj", "{DC44637E-E009-46AA-B049-0C4C7A884AC6}"
EndProject
Project("{FAE04EC0-301F-11D3-BF4B-00C04F79EFBC}") = "Coupon.UITests", "UITests\Coupon.UITests.csproj", "{ED4C6F30-90D4-4EAC-966F-243B2F10726A}"
EndProject
Global
	GlobalSection(SolutionConfigurationPlatforms) = preSolution
		Debug|Any CPU = Debug|Any CPU
		Release|Any CPU = Release|Any CPU
		Debug|iPhoneSimulator = Debug|iPhoneSimulator
		Release|iPhone = Release|iPhone
		Release|iPhoneSimulator = Release|iPhoneSimulator
		Debug|iPhone = Debug|iPhone
	EndGlobalSection
	GlobalSection(ProjectConfigurationPlatforms) = postSolution
		{629DCC62-9C46-47D6-BE74-B6B49C12AC01}.Debug|Any CPU.ActiveCfg = Debug|Any CPU
		{629DCC62-9C46-47D6-BE74-B6B49C12AC01}.Debug|Any CPU.Build.0 = Debug|Any CPU
		{629DCC62-9C46-47D6-BE74-B6B49C12AC01}.Release|Any CPU.ActiveCfg = Release|Any CPU
		{629DCC62-9C46-47D6-BE74-B6B49C12AC01}.Release|Any CPU.Build.0 = Release|Any CPU
		{629DCC62-9C46-47D6-BE74-B6B49C12AC01}.Debug|iPhoneSimulator.ActiveCfg = Debug|Any CPU
		{629DCC62-9C46-47D6-BE74-B6B49C12AC01}.Debug|iPhoneSimulator.Build.0 = Debug|Any CPU
		{629DCC62-9C46-47D6-BE74-B6B49C12AC01}.Release|iPhone.ActiveCfg = Release|Any CPU
		{629DCC62-9C46-47D6-BE74-B6B49C12AC01}.Release|iPhone.Build.0 = Release|Any CPU
		{629DCC62-9C46-47D6-BE74-B6B49C12AC01}.Release|iPhoneSimulator.ActiveCfg = Release|Any CPU
		{629DCC62-9C46-47D6-BE74-B6B49C12AC01}.Release|iPhoneSimulator.Build.0 = Release|Any CPU
		{629DCC62-9C46-47D6-BE74-B6B49C12AC01}.Debug|iPhone.ActiveCfg = Debug|Any CPU
		{629DCC62-9C46-47D6-BE74-B6B49C12AC01}.Debug|iPhone.Build.0 = Debug|Any CPU
		{64B94255-D80A-46EF-8EF0-96C64981660C}.Debug|Any CPU.ActiveCfg = Debug|iPhoneSimulator
		{64B94255-D80A-46EF-8EF0-96C64981660C}.Debug|Any CPU.Build.0 = Debug|iPhoneSimulator
		{64B94255-D80A-46EF-8EF0-96C64981660C}.Release|Any CPU.ActiveCfg = Release|iPhone
		{64B94255-D80A-46EF-8EF0-96C64981660C}.Release|Any CPU.Build.0 = Release|iPhone
		{64B94255-D80A-46EF-8EF0-96C64981660C}.Debug|iPhoneSimulator.ActiveCfg = Debug|iPhoneSimulator
		{64B94255-D80A-46EF-8EF0-96C64981660C}.Debug|iPhoneSimulator.Build.0 = Debug|iPhoneSimulator
		{64B94255-D80A-46EF-8EF0-96C64981660C}.Release|iPhone.ActiveCfg = Release|iPhone
		{64B94255-D80A-46EF-8EF0-96C64981660C}.Release|iPhone.Build.0 = Release|iPhone
		{64B94255-D80A-46EF-8EF0-96C64981660C}.Release|iPhoneSimulator.ActiveCfg = Release|iPhoneSimulator
		{64B94255-D80A-46EF-8EF0-96C64981660C}.Release|iPhoneSimulator.Build.0 = Release|iPhoneSimulator
		{64B94255-D80A-46EF-8EF0-96C64981660C}.Debug|iPhone.ActiveCfg = Debug|iPhone
		{64B94255-D80A-46EF-8EF0-96C64981660C}.Debug|iPhone.Build.0 = Debug|iPhone
		{DC44637E-E009-46AA-B049-0C4C7A884AC6}.Debug|Any CPU.ActiveCfg = Debug|Any CPU
		{DC44637E-E009-46AA-B049-0C4C7A884AC6}.Debug|Any CPU.Build.0 = Debug|Any CPU
		{DC44637E-E009-46AA-B049-0C4C7A884AC6}.Release|Any CPU.ActiveCfg = Release|Any CPU
		{DC44637E-E009-46AA-B049-0C4C7A884AC6}.Release|Any CPU.Build.0 = Release|Any CPU
		{DC44637E-E009-46AA-B049-0C4C7A884AC6}.Debug|iPhoneSimulator.ActiveCfg = Debug|Any CPU
		{DC44637E-E009-46AA-B049-0C4C7A884AC6}.Debug|iPhoneSimulator.Build.0 = Debug|Any CPU
		{DC44637E-E009-46AA-B049-0C4C7A884AC6}.Release|iPhone.ActiveCfg = Release|Any CPU
		{DC44637E-E009-46AA-B049-0C4C7A884AC6}.Release|iPhone.Build.0 = Release|Any CPU
		{DC44637E-E009-46AA-B049-0C4C7A884AC6}.Release|iPhoneSimulator.ActiveCfg = Release|Any CPU
		{DC44637E-E009-46AA-B049-0C4C7A884AC6}.Release|iPhoneSimulator.Build.0 = Release|Any CPU
		{DC44637E-E009-46AA-B049-0C4C7A884AC6}.Debug|iPhone.ActiveCfg = Debug|Any CPU
		{DC44637E-E009-46AA-B049-0C4C7A884AC6}.Debug|iPhone.Build.0 = Debug|Any CPU
		{ED4C6F30-90D4-4EAC-966F-243B2F10726A}.Debug|Any CPU.ActiveCfg = Debug|Any CPU
		{ED4C6F30-90D4-4EAC-966F-243B2F10726A}.Debug|Any CPU.Build.0 = Debug|Any CPU
		{ED4C6F30-90D4-4EAC-966F-243B2F10726A}.Release|Any CPU.ActiveCfg = Release|Any CPU
		{ED4C6F30-90D4-4EAC-966F-243B2F10726A}.Release|Any CPU.Build.0 = Release|Any CPU
		{ED4C6F30-90D4-4EAC-966F-243B2F10726A}.Debug|iPhoneSimulator.ActiveCfg = Debug|Any CPU
		{ED4C6F30-90D4-4EAC-966F-243B2F10726A}.Debug|iPhoneSimulator.Build.0 = Debug|Any CPU
		{ED4C6F30-90D4-4EAC-966F-243B2F10726A}.Release|iPhone.ActiveCfg = Release|Any CPU
		{ED4C6F30-90D4-4EAC-966F-243B2F10726A}.Release|iPhone.Build.0 = Release|Any CPU
		{ED4C6F30-90D4-4EAC-966F-243B2F10726A}.Release|iPhoneSimulator.ActiveCfg = Release|Any CPU
		{ED4C6F30-90D4-4EAC-966F-243B2F10726A}.Release|iPhoneSimulator.Build.0 = Release|Any CPU
		{ED4C6F30-90D4-4EAC-966F-243B2F10726A}.Debug|iPhone.ActiveCfg = Debug|Any CPU
		{ED4C6F30-90D4-4EAC-966F-243B2F10726A}.Debug|iPhone.Build.0 = Debug|Any CPU
	EndGlobalSection
EndGlobal
